
Microsoft Visual Studio Solution File, Format Version 12.00
# Visual Studio Version 16
VisualStudioVersion = 16.0.29911.84
MinimumVisualStudioVersion = 10.0.40219.1
Project("{FAE04EC0-301F-11D3-BF4B-00C04F79EFBC}") = "DotNetCoreLogging", "DotNetCoreLogging.csproj", "{369FB430-C8D0-4B4D-B305-DB499837F5E7}"
EndProject
Global
	GlobalSection(SolutionConfigurationPlatforms) = preSolution
		Debug|Any CPU = Debug|Any CPU
		Release|Any CPU = Release|Any CPU
	EndGlobalSection
	GlobalSection(ProjectConfigurationPlatforms) = postSolution
		{369FB430-C8D0-4B4D-B305-DB499837F5E7}.Debug|Any CPU.ActiveCfg = Debug|Any CPU
		{369FB430-C8D0-4B4D-B305-DB499837F5E7}.Debug|Any CPU.Build.0 = Debug|Any CPU
		{369FB430-C8D0-4B4D-B305-DB499837F5E7}.Release|Any CPU.ActiveCfg = Release|Any CPU
		{369FB430-C8D0-4B4D-B305-DB499837F5E7}.Release|Any CPU.Build.0 = Release|Any CPU
	EndGlobalSection
	GlobalSection(SolutionProperties) = preSolution
		HideSolutionNode = FALSE
	EndGlobalSection
	GlobalSection(ExtensibilityGlobals) = postSolution
		SolutionGuid = {785191AF-E0E9-4D83-80AC-2302E5C89059}
	EndGlobalSection
EndGlobal
